
Microsoft Visual Studio Solution File, Format Version 12.00
# Visual Studio 14
VisualStudioVersion = 14.0.25420.1
MinimumVisualStudioVersion = 10.0.40219.1
Project("{FAE04EC0-301F-11D3-BF4B-00C04F79EFBC}") = "HDDNCONIAMP", "HDDNCONIAMP\HDDNCONIAMP.csproj", "{6D7D1788-79AC-46FB-9650-56E3E3D9FCD7}"
EndProject
Project("{FAE04EC0-301F-11D3-BF4B-00C04F79EFBC}") = "BMap.NET", "BMap.NET\BMap.NET.csproj", "{AFFEB71C-54B6-4A9B-A445-BB287EDBAC19}"
EndProject
Project("{FAE04EC0-301F-11D3-BF4B-00C04F79EFBC}") = "BMap.NET.WindowsForm", "BMap.NET.WindowsForm\BMap.NET.WindowsForm.csproj", "{1B32D6FD-3C74-40DC-9D43-102B19D40785}"
EndProject
Project("{FAE04EC0-301F-11D3-BF4B-00C04F79EFBC}") = "BMap.NET.WinformDemo", "BMap.NET.WinformDemo\BMap.NET.WinformDemo.csproj", "{46DF801A-B0F3-4050-947E-90EB0649A31D}"
EndProject
Project("{FAE04EC0-301F-11D3-BF4B-00C04F79EFBC}") = "NodeTopology", "NodeTopology\NodeTopology.csproj", "{7B6DAAC9-C270-4D82-9FEA-72303369699A}"
EndProject
Project("{FAE04EC0-301F-11D3-BF4B-00C04F79EFBC}") = "NetworkTest", "NetworkTest\NetworkTest.csproj", "{0E0901F4-5DB3-4F06-AD76-37BE625F361A}"
EndProject
Project("{FAE04EC0-301F-11D3-BF4B-00C04F79EFBC}") = "TcpServer", "TcpServer\TcpServer.csproj", "{DCCE4881-88E3-44D6-9533-8C9E5A9D42D3}"
EndProject
Project("{FAE04EC0-301F-11D3-BF4B-00C04F79EFBC}") = "TcpClientTest", "TcpClientTest\TcpClientTest.csproj", "{4A2E1566-F2D4-4C1A-A4BD-ACFBC1EB0521}"
EndProject
Project("{FAE04EC0-301F-11D3-BF4B-00C04F79EFBC}") = "UDPBroadcastServer", "UDPBroadcastServer\UDPBroadcastServer.csproj", "{95C834F7-3427-410A-A3CE-F98A76891CD9}"
EndProject
Project("{8BC9CEB8-8B4A-11D0-8D11-00A0C91BC942}") = "SamplePlayClient", "SamplePlayClient_VS2005\SamplePlayClient\SamplePlayClient.vcxproj", "{064E8713-505B-477A-B3C3-B86C7D8009C4}"
EndProject
Global
	GlobalSection(SolutionConfigurationPlatforms) = preSolution
		Debug|Any CPU = Debug|Any CPU
		Debug|x64 = Debug|x64
		Debug|x86 = Debug|x86
		Release|Any CPU = Release|Any CPU
		Release|x64 = Release|x64
		Release|x86 = Release|x86
	EndGlobalSection
	GlobalSection(ProjectConfigurationPlatforms) = postSolution
		{6D7D1788-79AC-46FB-9650-56E3E3D9FCD7}.Debug|Any CPU.ActiveCfg = Debug|x86
		{6D7D1788-79AC-46FB-9650-56E3E3D9FCD7}.Debug|Any CPU.Build.0 = Debug|x86
		{6D7D1788-79AC-46FB-9650-56E3E3D9FCD7}.Debug|x64.ActiveCfg = Debug|Any CPU
		{6D7D1788-79AC-46FB-9650-56E3E3D9FCD7}.Debug|x64.Build.0 = Debug|Any CPU
		{6D7D1788-79AC-46FB-9650-56E3E3D9FCD7}.Debug|x86.ActiveCfg = Debug|x86
		{6D7D1788-79AC-46FB-9650-56E3E3D9FCD7}.Debug|x86.Build.0 = Debug|x86
		{6D7D1788-79AC-46FB-9650-56E3E3D9FCD7}.Release|Any CPU.ActiveCfg = Release|Any CPU
		{6D7D1788-79AC-46FB-9650-56E3E3D9FCD7}.Release|Any CPU.Build.0 = Release|Any CPU
		{6D7D1788-79AC-46FB-9650-56E3E3D9FCD7}.Release|x64.ActiveCfg = Release|Any CPU
		{6D7D1788-79AC-46FB-9650-56E3E3D9FCD7}.Release|x64.Build.0 = Release|Any CPU
		{6D7D1788-79AC-46FB-9650-56E3E3D9FCD7}.Release|x86.ActiveCfg = Release|x86
		{6D7D1788-79AC-46FB-9650-56E3E3D9FCD7}.Release|x86.Build.0 = Release|x86
		{AFFEB71C-54B6-4A9B-A445-BB287EDBAC19}.Debug|Any CPU.ActiveCfg = Debug|Any CPU
		{AFFEB71C-54B6-4A9B-A445-BB287EDBAC19}.Debug|Any CPU.Build.0 = Debug|Any CPU
		{AFFEB71C-54B6-4A9B-A445-BB287EDBAC19}.Debug|x64.ActiveCfg = Debug|Any CPU
		{AFFEB71C-54B6-4A9B-A445-BB287EDBAC19}.Debug|x64.Build.0 = Debug|Any CPU
		{AFFEB71C-54B6-4A9B-A445-BB287EDBAC19}.Debug|x86.ActiveCfg = Debug|x86
		{AFFEB71C-54B6-4A9B-A445-BB287EDBAC19}.Debug|x86.Build.0 = Debug|x86
		{AFFEB71C-54B6-4A9B-A445-BB287EDBAC19}.Release|Any CPU.ActiveCfg = Release|Any CPU
		{AFFEB71C-54B6-4A9B-A445-BB287EDBAC19}.Release|Any CPU.Build.0 = Release|Any CPU
		{AFFEB71C-54B6-4A9B-A445-BB287EDBAC19}.Release|x64.ActiveCfg = Release|Any CPU
		{AFFEB71C-54B6-4A9B-A445-BB287EDBAC19}.Release|x64.Build.0 = Release|Any CPU
		{AFFEB71C-54B6-4A9B-A445-BB287EDBAC19}.Release|x86.ActiveCfg = Release|x86
		{AFFEB71C-54B6-4A9B-A445-BB287EDBAC19}.Release|x86.Build.0 = Release|x86
		{1B32D6FD-3C74-40DC-9D43-102B19D40785}.Debug|Any CPU.ActiveCfg = Debug|Any CPU
		{1B32D6FD-3C74-40DC-9D43-102B19D40785}.Debug|Any CPU.Build.0 = Debug|Any CPU
		{1B32D6FD-3C74-40DC-9D43-102B19D40785}.Debug|x64.ActiveCfg = Debug|Any CPU
		{1B32D6FD-3C74-40DC-9D43-102B19D40785}.Debug|x64.Build.0 = Debug|Any CPU
		{1B32D6FD-3C74-40DC-9D43-102B19D40785}.Debug|x86.ActiveCfg = Debug|x86
		{1B32D6FD-3C74-40DC-9D43-102B19D40785}.Debug|x86.Build.0 = Debug|x86
		{1B32D6FD-3C74-40DC-9D43-102B19D40785}.Release|Any CPU.ActiveCfg = Release|Any CPU
		{1B32D6FD-3C74-40DC-9D43-102B19D40785}.Release|Any CPU.Build.0 = Release|Any CPU
		{1B32D6FD-3C74-40DC-9D43-102B19D40785}.Release|x64.ActiveCfg = Release|Any CPU
		{1B32D6FD-3C74-40DC-9D43-102B19D40785}.Release|x64.Build.0 = Release|Any CPU
		{1B32D6FD-3C74-40DC-9D43-102B19D40785}.Release|x86.ActiveCfg = Release|x86
		{1B32D6FD-3C74-40DC-9D43-102B19D40785}.Release|x86.Build.0 = Release|x86
		{46DF801A-B0F3-4050-947E-90EB0649A31D}.Debug|Any CPU.ActiveCfg = Debug|x86
		{46DF801A-B0F3-4050-947E-90EB0649A31D}.Debug|x64.ActiveCfg = Debug|x86
		{46DF801A-B0F3-4050-947E-90EB0649A31D}.Debug|x86.ActiveCfg = Debug|x86
		{46DF801A-B0F3-4050-947E-90EB0649A31D}.Debug|x86.Build.0 = Debug|x86
		{46DF801A-B0F3-4050-947E-90EB0649A31D}.Release|Any CPU.ActiveCfg = Release|x86
		{46DF801A-B0F3-4050-947E-90EB0649A31D}.Release|x64.ActiveCfg = Release|x86
		{46DF801A-B0F3-4050-947E-90EB0649A31D}.Release|x86.ActiveCfg = Release|x86
		{46DF801A-B0F3-4050-947E-90EB0649A31D}.Release|x86.Build.0 = Release|x86
		{7B6DAAC9-C270-4D82-9FEA-72303369699A}.Debug|Any CPU.ActiveCfg = Debug|x86
		{7B6DAAC9-C270-4D82-9FEA-72303369699A}.Debug|Any CPU.Build.0 = Debug|x86
		{7B6DAAC9-C270-4D82-9FEA-72303369699A}.Debug|x64.ActiveCfg = Debug|x86
		{7B6DAAC9-C270-4D82-9FEA-72303369699A}.Debug|x86.ActiveCfg = Debug|x86
		{7B6DAAC9-C270-4D82-9FEA-72303369699A}.Debug|x86.Build.0 = Debug|x86
		{7B6DAAC9-C270-4D82-9FEA-72303369699A}.Release|Any CPU.ActiveCfg = Release|x86
		{7B6DAAC9-C270-4D82-9FEA-72303369699A}.Release|x64.ActiveCfg = Release|x86
		{7B6DAAC9-C270-4D82-9FEA-72303369699A}.Release|x86.ActiveCfg = Release|x86
		{7B6DAAC9-C270-4D82-9FEA-72303369699A}.Release|x86.Build.0 = Release|x86
		{0E0901F4-5DB3-4F06-AD76-37BE625F361A}.Debug|Any CPU.ActiveCfg = Debug|Any CPU
		{0E0901F4-5DB3-4F06-AD76-37BE625F361A}.Debug|Any CPU.Build.0 = Debug|Any CPU
		{0E0901F4-5DB3-4F06-AD76-37BE625F361A}.Debug|x64.ActiveCfg = Debug|Any CPU
		{0E0901F4-5DB3-4F06-AD76-37BE625F361A}.Debug|x64.Build.0 = Debug|Any CPU
		{0E0901F4-5DB3-4F06-AD76-37BE625F361A}.Debug|x86.ActiveCfg = Debug|Any CPU
		{0E0901F4-5DB3-4F06-AD76-37BE625F361A}.Debug|x86.Build.0 = Debug|Any CPU
		{0E0901F4-5DB3-4F06-AD76-37BE625F361A}.Release|Any CPU.ActiveCfg = Release|Any CPU
		{0E0901F4-5DB3-4F06-AD76-37BE625F361A}.Release|Any CPU.Build.0 = Release|Any CPU
		{0E0901F4-5DB3-4F06-AD76-37BE625F361A}.Release|x64.ActiveCfg = Release|Any CPU
		{0E0901F4-5DB3-4F06-AD76-37BE625F361A}.Release|x64.Build.0 = Release|Any CPU
		{0E0901F4-5DB3-4F06-AD76-37BE625F361A}.Release|x86.ActiveCfg = Release|Any CPU
		{0E0901F4-5DB3-4F06-AD76-37BE625F361A}.Release|x86.Build.0 = Release|Any CPU
		{DCCE4881-88E3-44D6-9533-8C9E5A9D42D3}.Debug|Any CPU.ActiveCfg = Debug|Any CPU
		{DCCE4881-88E3-44D6-9533-8C9E5A9D42D3}.Debug|Any CPU.Build.0 = Debug|Any CPU
		{DCCE4881-88E3-44D6-9533-8C9E5A9D42D3}.Debug|x64.ActiveCfg = Debug|Any CPU
		{DCCE4881-88E3-44D6-9533-8C9E5A9D42D3}.Debug|x64.Build.0 = Debug|Any CPU
		{DCCE4881-88E3-44D6-9533-8C9E5A9D42D3}.Debug|x86.ActiveCfg = Debug|Any CPU
		{DCCE4881-88E3-44D6-9533-8C9E5A9D42D3}.Debug|x86.Build.0 = Debug|Any CPU
		{DCCE4881-88E3-44D6-9533-8C9E5A9D42D3}.Release|Any CPU.ActiveCfg = Release|Any CPU
		{DCCE4881-88E3-44D6-9533-8C9E5A9D42D3}.Release|Any CPU.Build.0 = Release|Any CPU
		{DCCE4881-88E3-44D6-9533-8C9E5A9D42D3}.Release|x64.ActiveCfg = Release|Any CPU
		{DCCE4881-88E3-44D6-9533-8C9E5A9D42D3}.Release|x64.Build.0 = Release|Any CPU
		{DCCE4881-88E3-44D6-9533-8C9E5A9D42D3}.Release|x86.ActiveCfg = Release|Any CPU
		{DCCE4881-88E3-44D6-9533-8C9E5A9D42D3}.Release|x86.Build.0 = Release|Any CPU
		{4A2E1566-F2D4-4C1A-A4BD-ACFBC1EB0521}.Debug|Any CPU.ActiveCfg = Debug|Any CPU
		{4A2E1566-F2D4-4C1A-A4BD-ACFBC1EB0521}.Debug|Any CPU.Build.0 = Debug|Any CPU
		{4A2E1566-F2D4-4C1A-A4BD-ACFBC1EB0521}.Debug|x64.ActiveCfg = Debug|Any CPU
		{4A2E1566-F2D4-4C1A-A4BD-ACFBC1EB0521}.Debug|x64.Build.0 = Debug|Any CPU
		{4A2E1566-F2D4-4C1A-A4BD-ACFBC1EB0521}.Debug|x86.ActiveCfg = Debug|Any CPU
		{4A2E1566-F2D4-4C1A-A4BD-ACFBC1EB0521}.Debug|x86.Build.0 = Debug|Any CPU
		{4A2E1566-F2D4-4C1A-A4BD-ACFBC1EB0521}.Release|Any CPU.ActiveCfg = Release|Any CPU
		{4A2E1566-F2D4-4C1A-A4BD-ACFBC1EB0521}.Release|Any CPU.Build.0 = Release|Any CPU
		{4A2E1566-F2D4-4C1A-A4BD-ACFBC1EB0521}.Release|x64.ActiveCfg = Release|Any CPU
		{4A2E1566-F2D4-4C1A-A4BD-ACFBC1EB0521}.Release|x64.Build.0 = Release|Any CPU
		{4A2E1566-F2D4-4C1A-A4BD-ACFBC1EB0521}.Release|x86.ActiveCfg = Release|Any CPU
		{4A2E1566-F2D4-4C1A-A4BD-ACFBC1EB0521}.Release|x86.Build.0 = Release|Any CPU
		{95C834F7-3427-410A-A3CE-F98A76891CD9}.Debug|Any CPU.ActiveCfg = Debug|Any CPU
		{95C834F7-3427-410A-A3CE-F98A76891CD9}.Debug|Any CPU.Build.0 = Debug|Any CPU
		{95C834F7-3427-410A-A3CE-F98A76891CD9}.Debug|x64.ActiveCfg = Debug|Any CPU
		{95C834F7-3427-410A-A3CE-F98A76891CD9}.Debug|x64.Build.0 = Debug|Any CPU
		{95C834F7-3427-410A-A3CE-F98A76891CD9}.Debug|x86.ActiveCfg = Debug|Any CPU
		{95C834F7-3427-410A-A3CE-F98A76891CD9}.Debug|x86.Build.0 = Debug|Any CPU
		{95C834F7-3427-410A-A3CE-F98A76891CD9}.Release|Any CPU.ActiveCfg = Release|Any CPU
		{95C834F7-3427-410A-A3CE-F98A76891CD9}.Release|Any CPU.Build.0 = Release|Any CPU
		{95C834F7-3427-410A-A3CE-F98A76891CD9}.Release|x64.ActiveCfg = Release|Any CPU
		{95C834F7-3427-410A-A3CE-F98A76891CD9}.Release|x64.Build.0 = Release|Any CPU
		{95C834F7-3427-410A-A3CE-F98A76891CD9}.Release|x86.ActiveCfg = Release|Any CPU
		{95C834F7-3427-410A-A3CE-F98A76891CD9}.Release|x86.Build.0 = Release|Any CPU
		{064E8713-505B-477A-B3C3-B86C7D8009C4}.Debug|Any CPU.ActiveCfg = Debug|Win32
		{064E8713-505B-477A-B3C3-B86C7D8009C4}.Debug|x64.ActiveCfg = Debug|Win32
		{064E8713-505B-477A-B3C3-B86C7D8009C4}.Debug|x86.ActiveCfg = Debug|Win32
		{064E8713-505B-477A-B3C3-B86C7D8009C4}.Debug|x86.Build.0 = Debug|Win32
		{064E8713-505B-477A-B3C3-B86C7D8009C4}.Release|Any CPU.ActiveCfg = Release|Win32
		{064E8713-505B-477A-B3C3-B86C7D8009C4}.Release|x64.ActiveCfg = Release|Win32
		{064E8713-505B-477A-B3C3-B86C7D8009C4}.Release|x86.ActiveCfg = Release|Win32
		{064E8713-505B-477A-B3C3-B86C7D8009C4}.Release|x86.Build.0 = Release|Win32
	EndGlobalSection
	GlobalSection(SolutionProperties) = preSolution
		HideSolutionNode = FALSE
	EndGlobalSection
EndGlobal
